# This file is automatically @generated by Cargo.
# It is not intended for manual editing.
version = 4

[[package]]
name = "figleter"
version = "0.2.2"
source = "registry+https://github.com/rust-lang/crates.io-index"
checksum = "04e0769e6cf86e246a3eee5b84b9e9b1abb9bca8b4161136f03ce752dac15ea9"

[[package]]
name = "taag_tool"
version = "0.1.0"
dependencies = [
 "figleter",
]
